{
  "name": "proposalai",
  "version": "1.0.0",
  "lockfileVersion": 3,
  "requires": true,
  "packages": {
    "": {
      "name": "proposalai",
      "version": "1.0.0",
      "devDependencies": {
        "@netlify/functions": "^5.2.1"
      }
    },
    "node_modules/@netlify/functions": {
      "version": "5.2.1",
      "resolved": "https://registry.npmjs.org/@netlify/functions/-/functions-5.2.1.tgz",
      "integrity": "sha512-F1CCXeWC/4E/mj8La38WwFJ6oyymTBeIWYO87nyjN0L8mvb0tugcMsu+V6QkUllMtnBezdM0ApCaY+eWGmnj+g==",
      "dev": true,
      "license": "MIT",
      "dependencies": {
        "@netlify/types": "2.6.0"
      },
      "engines": {
        "node": ">=18.0.0"
      }
    },
    "node_modules/@netlify/types": {
      "version": "2.6.0",
      "resolved": "https://registry.npmjs.org/@netlify/types/-/types-2.6.0.tgz",
      "integrity": "sha512-yD20EizHJDQxajJ66Vo8RTwLwR2jMNVxufPG8MHd2AScX8jW4z0VPnnJHArq2GYPFTFZRHmiAhDrXr5m8zof6w==",
      "dev": true,
      "license": "MIT",
      "engines": {
        "node": "^18.14.0 || >=20"
      }
    }
  }
}
